# THIS IS AN AUTOGENERATED FILE. DO NOT EDIT THIS FILE DIRECTLY.
# yarn lockfile v1


"-@^0.0.1-security.1":
  version "0.0.1-security.1"
  resolved "https://registry.yarnpkg.com/-/-/--0.0.1-security.1.tgz#87eac383f17b68fc8885f6d5bc11c1de5bf0fe4e"
  integrity sha512-3Zy+2t+L0IAXtep/9JfiCrWiqWbfEjbIwJUQHeTAcZglnAmHugb+5/f3Qg9K3hLTykJ4SK/s1G+mymranjR/kA==

"@supabase/cli-darwin-arm64@2.106.0":
  version "2.106.0"
  resolved "https://registry.yarnpkg.com/@supabase/cli-darwin-arm64/-/cli-darwin-arm64-2.106.0.tgz#da6c31125c530373a978142697a66f7c56b4e2b8"
  integrity sha512-xi/IAjjbebh6xA9Nkkb7ZwC5ACKJ38OqMoYk1y20ScW5Wt+pxTCcOcaWDWu+2u2Pwc3vTYnXhbknVcQt9UcChQ==

"@supabase/cli-darwin-x64@2.106.0":
  version "2.106.0"
  resolved "https://registry.yarnpkg.com/@supabase/cli-darwin-x64/-/cli-darwin-x64-2.106.0.tgz#95f90eea1139bd9c7637600856c0fb23b8c2608b"
  integrity sha512-AT2s/8/3Ffb7IkcUXK6sA/iPCzJhh4Fh/XqzAGNGsVd1xCA/ZGniqU8BL03TqPkN1sR0iDaShjMLLIlHEflyPQ==

"@supabase/cli-linux-arm64-musl@2.106.0":
  version "2.106.0"
  resolved "https://registry.yarnpkg.com/@supabase/cli-linux-arm64-musl/-/cli-linux-arm64-musl-2.106.0.tgz#49beb5854b996d9b596cbdfe52408d0549d962a3"
  integrity sha512-2LExuOHuU6odXorNTvq4M/OvueW+wOs3KDsaCpk+scQMnB6LbmqNidEjXAsKpZu3zyE8MmmtdbJBlRNN/KLdcw==

"@supabase/cli-linux-arm64@2.106.0":
  version "2.106.0"
  resolved "https://registry.yarnpkg.com/@supabase/cli-linux-arm64/-/cli-linux-arm64-2.106.0.tgz#1ca0398e4290e451d1ab195bbcd61e728a42773b"
  integrity sha512-L/pX7fkV31x7zPrUOcD6KMtZ03j16o41XxgkACFoOAE9lFz8KaJOBSHvn2QLeWEa2kLz7jwpisvpshPSMjuxOw==

"@supabase/cli-linux-x64-musl@2.106.0":
  version "2.106.0"
  resolved "https://registry.yarnpkg.com/@supabase/cli-linux-x64-musl/-/cli-linux-x64-musl-2.106.0.tgz#7b2553bd737456e1b4cc2396370df2c1c82035d3"
  integrity sha512-wz7heB3wwzmRdLRgqngd2VjPPNIdv6/Y8Q0dX/ZvjcL9/Nk8BYSZ7yjypapLpra+swRnbEJ4jAU6eAShiaB1Hg==

"@supabase/cli-linux-x64@2.106.0":
  version "2.106.0"
  resolved "https://registry.yarnpkg.com/@supabase/cli-linux-x64/-/cli-linux-x64-2.106.0.tgz#de479080d7131ebe3c874ea1833f128cadeafe3e"
  integrity sha512-+ihtqFNURc8ssULgQoHQBR4AtUmxez9dtqjclqOV0y5r65SX7Ginmiby4XDW9LPlqHT+MB7OyD1vk0T6pQUtPA==

"@supabase/cli-windows-arm64@2.106.0":
  version "2.106.0"
  resolved "https://registry.yarnpkg.com/@supabase/cli-windows-arm64/-/cli-windows-arm64-2.106.0.tgz#7b1a5dd0ab4a9bb098b2b0a58d71bbe76048abdb"
  integrity sha512-QkEfRDiuuQwcfASo2DIJZ59AFV6xpqhPNo4r0kSVt38StYk3iL7ZcSOkZvGQWLlJ8kXKPBWEMhLnfHQF9r+Xfg==

"@supabase/cli-windows-x64@2.106.0":
  version "2.106.0"
  resolved "https://registry.yarnpkg.com/@supabase/cli-windows-x64/-/cli-windows-x64-2.106.0.tgz#b6508850308496077534e142df9f5a56495a304a"
  integrity sha512-1tQFbrH1KJhWJqHrY087XPz1WRi20eKG1pebG+6PjSD6XN+j0+x1PTOtBZrylXgY1fOg8BqgU8kl3KX8hI5l9w==

g@^2.0.1:
  version "2.0.1"
  resolved "https://registry.yarnpkg.com/g/-/g-2.0.1.tgz#0b5963ebd0ca70e3bc8c6766934a021821c8b857"
  integrity sha512-Fi6Ng5fZ/ANLQ15H11hCe+09sgUoNvDEBevVgx3KoYOhsH5iLNPn54hx0jPZ+3oSWr+xajnp2Qau9VmPsc7hTA==

supabase@^2.105.0:
  version "2.106.0"
  resolved "https://registry.yarnpkg.com/supabase/-/supabase-2.106.0.tgz#c467533cffe10a7cfd19cf55986b17b9a9b3de67"
  integrity sha512-jV0PJi5LqXUMZ4kriRLvST3DX1YDhrxOgnFJLOn6oUw3KQEFJPXhA60yLQ9aWG1E1uZCp4vUJwSuSGq3HPfaSQ==
  optionalDependencies:
    "@supabase/cli-darwin-arm64" "2.106.0"
    "@supabase/cli-darwin-x64" "2.106.0"
    "@supabase/cli-linux-arm64" "2.106.0"
    "@supabase/cli-linux-arm64-musl" "2.106.0"
    "@supabase/cli-linux-x64" "2.106.0"
    "@supabase/cli-linux-x64-musl" "2.106.0"
    "@supabase/cli-windows-arm64" "2.106.0"
    "@supabase/cli-windows-x64" "2.106.0"
